
Microsoft Visual Studio Solution File, Format Version 12.00
# Visual Studio 15
VisualStudioVersion = 15.0.28307.572
MinimumVisualStudioVersion = 10.0.40219.1
Project("{FAE04EC0-301F-11D3-BF4B-00C04F79EFBC}") = "Exemplo00", "Exemplo00\Exemplo00.csproj", "{CE9EFC19-4328-4E8D-9708-F843EF313BBE}"
EndProject
Global
	GlobalSection(SolutionConfigurationPlatforms) = preSolution
		Debug|Any CPU = Debug|Any CPU
		Release|Any CPU = Release|Any CPU
	EndGlobalSection
	GlobalSection(ProjectConfigurationPlatforms) = postSolution
		{CE9EFC19-4328-4E8D-9708-F843EF313BBE}.Debug|Any CPU.ActiveCfg = Debug|Any CPU
		{CE9EFC19-4328-4E8D-9708-F843EF313BBE}.Debug|Any CPU.Build.0 = Debug|Any CPU
		{CE9EFC19-4328-4E8D-9708-F843EF313BBE}.Release|Any CPU.ActiveCfg = Release|Any CPU
		{CE9EFC19-4328-4E8D-9708-F843EF313BBE}.Release|Any CPU.Build.0 = Release|Any CPU
	EndGlobalSection
	GlobalSection(SolutionProperties) = preSolution
		HideSolutionNode = FALSE
	EndGlobalSection
	GlobalSection(ExtensibilityGlobals) = postSolution
		SolutionGuid = {7DC5548A-046F-4978-933E-2830A09A2CB0}
	EndGlobalSection
EndGlobal
